// !$*UTF8*$!
{
	archiveVersion = 1;
	classes = {
	};
	objectVersion = 56;
	objects = {

/* Begin PBXBuildFile section */
		C067BBAD2ADC3D49004FE458 /* AppDelegate.swift in Sources */ = {isa = PBXBuildFile; fileRef = C067BBAC2ADC3D49004FE458 /* AppDelegate.swift */; };
		C067BBAF2ADC3D49004FE458 /* SceneDelegate.swift in Sources */ = {isa = PBXBuildFile; fileRef = C067BBAE2ADC3D49004FE458 /* SceneDelegate.swift */; };
		C067BBB62ADC3D51004FE458 /* Assets.xcassets in Resources */ = {isa = PBXBuildFile; fileRef = C067BBB52ADC3D51004FE458 /* Assets.xcassets */; };
		C067BBB92ADC3D51004FE458 /* LaunchScreen.storyboard in Resources */ = {isa = PBXBuildFile; fileRef = C067BBB72ADC3D51004FE458 /* LaunchScreen.storyboard */; };
		C067BBC62ADC3F60004FE458 /* HomeViewController.swift in Sources */ = {isa = PBXBuildFile; fileRef = C067BBC52ADC3F60004FE458 /* HomeViewController.swift */; };
		C0BA9BAD2ADDBD3F00A7162A /* HomeEntity.swift in Sources */ = {isa = PBXBuildFile; fileRef = C0BA9BAC2ADDBD3F00A7162A /* HomeEntity.swift */; };
		C0BA9BB02ADDBFDD00A7162A /* NetworkingManager.swift in Sources */ = {isa = PBXBuildFile; fileRef = C0BA9BAF2ADDBFDD00A7162A /* NetworkingManager.swift */; };
		C0BA9BB32ADDC30700A7162A /* Alamofire in Frameworks */ = {isa = PBXBuildFile; productRef = C0BA9BB22ADDC30700A7162A /* Alamofire */; };
		C0BA9BB62ADDC56500A7162A /* Router.swift in Sources */ = {isa = PBXBuildFile; fileRef = C0BA9BB52ADDC56500A7162A /* Router.swift */; };
		C0BA9BB92ADDD2E700A7162A /* SnapKit in Frameworks */ = {isa = PBXBuildFile; productRef = C0BA9BB82ADDD2E700A7162A /* SnapKit */; };
		C0BA9BBC2ADDD35A00A7162A /* Extensions.swift in Sources */ = {isa = PBXBuildFile; fileRef = C0BA9BBB2ADDD35A00A7162A /* Extensions.swift */; };
/* End PBXBuildFile section */

/* Begin PBXFileReference section */
		C067BBA92ADC3D49004FE458 /* ViperWallet.app */ = {isa = PBXFileReference; explicitFileType = wrapper.application; includeInIndex = 0; path = ViperWallet.app; sourceTree = BUILT_PRODUCTS_DIR; };
		C067BBAC2ADC3D49004FE458 /* AppDelegate.swift */ = {isa = PBXFileReference; lastKnownFileType = sourcecode.swift; path = AppDelegate.swift; sourceTree = "<group>"; };
		C067BBAE2ADC3D49004FE458 /* SceneDelegate.swift */ = {isa = PBXFileReference; lastKnownFileType = sourcecode.swift; path = SceneDelegate.swift; sourceTree = "<group>"; };
		C067BBB52ADC3D51004FE458 /* Assets.xcassets */ = {isa = PBXFileReference; lastKnownFileType = folder.assetcatalog; path = Assets.xcassets; sourceTree = "<group>"; };
		C067BBB82ADC3D51004FE458 /* Base */ = {isa = PBXFileReference; lastKnownFileType = file.storyboard; name = Base; path = Base.lproj/LaunchScreen.storyboard; sourceTree = "<group>"; };
		C067BBBA2ADC3D51004FE458 /* Info.plist */ = {isa = PBXFileReference; lastKnownFileType = text.plist.xml; path = Info.plist; sourceTree = "<group>"; };
		C067BBC52ADC3F60004FE458 /* HomeViewController.swift */ = {isa = PBXFileReference; lastKnownFileType = sourcecode.swift; path = HomeViewController.swift; sourceTree = "<group>"; };
		C0BA9BAC2ADDBD3F00A7162A /* HomeEntity.swift */ = {isa = PBXFileReference; lastKnownFileType = sourcecode.swift; path = HomeEntity.swift; sourceTree = "<group>"; };
		C0BA9BAF2ADDBFDD00A7162A /* NetworkingManager.swift */ = {isa = PBXFileReference; lastKnownFileType = sourcecode.swift; path = NetworkingManager.swift; sourceTree = "<group>"; };
		C0BA9BB52ADDC56500A7162A /* Router.swift */ = {isa = PBXFileReference; lastKnownFileType = sourcecode.swift; path = Router.swift; sourceTree = "<group>"; };
		C0BA9BBB2ADDD35A00A7162A /* Extensions.swift */ = {isa = PBXFileReference; lastKnownFileType = sourcecode.swift; path = Extensions.swift; sourceTree = "<group>"; };
/* End PBXFileReference section */

/* Begin PBXFrameworksBuildPhase section */
		C067BBA62ADC3D49004FE458 /* Frameworks */ = {
			isa = PBXFrameworksBuildPhase;
			buildActionMask = 2147483647;
			files = (
				C0BA9BB32ADDC30700A7162A /* Alamofire in Frameworks */,
				C0BA9BB92ADDD2E700A7162A /* SnapKit in Frameworks */,
			);
			runOnlyForDeploymentPostprocessing = 0;
		};
/* End PBXFrameworksBuildPhase section */

/* Begin PBXGroup section */
		C067BBA02ADC3D49004FE458 = {
			isa = PBXGroup;
			children = (
				C067BBAB2ADC3D49004FE458 /* ViperWallet */,
				C067BBAA2ADC3D49004FE458 /* Products */,
			);
			sourceTree = "<group>";
		};
		C067BBAA2ADC3D49004FE458 /* Products */ = {
			isa = PBXGroup;
			children = (
				C067BBA92ADC3D49004FE458 /* ViperWallet.app */,
			);
			name = Products;
			sourceTree = "<group>";
		};
		C067BBAB2ADC3D49004FE458 /* ViperWallet */ = {
			isa = PBXGroup;
			children = (
				C067BBC12ADC3E26004FE458 /* Supporting Files */,
				C0BA9BBA2ADDD34100A7162A /* Extensions */,
				C067BBC02ADC3E1B004FE458 /* Screens */,
				C067BBBA2ADC3D51004FE458 /* Info.plist */,
			);
			path = ViperWallet;
			sourceTree = "<group>";
		};
		C067BBC02ADC3E1B004FE458 /* Screens */ = {
			isa = PBXGroup;
			children = (
				C0BA9BAE2ADDBFCC00A7162A /* Networking */,
				C067BBC22ADC3E3A004FE458 /* Home */,
				C067BBC32ADC3E40004FE458 /* Details */,
			);
			path = Screens;
			sourceTree = "<group>";
		};
		C067BBC12ADC3E26004FE458 /* Supporting Files */ = {
			isa = PBXGroup;
			children = (
				C067BBAC2ADC3D49004FE458 /* AppDelegate.swift */,
				C067BBAE2ADC3D49004FE458 /* SceneDelegate.swift */,
				C067BBB52ADC3D51004FE458 /* Assets.xcassets */,
				C067BBB72ADC3D51004FE458 /* LaunchScreen.storyboard */,
			);
			path = "Supporting Files";
			sourceTree = "<group>";
		};
		C067BBC22ADC3E3A004FE458 /* Home */ = {
			isa = PBXGroup;
			children = (
				C0BA9BAB2ADDBD2500A7162A /* Entity */,
				C067BBC42ADC3F50004FE458 /* View */,
			);
			path = Home;
			sourceTree = "<group>";
		};
		C067BBC32ADC3E40004FE458 /* Details */ = {
			isa = PBXGroup;
			children = (
			);
			path = Details;
			sourceTree = "<group>";
		};
		C067BBC42ADC3F50004FE458 /* View */ = {
			isa = PBXGroup;
			children = (
				C067BBC52ADC3F60004FE458 /* HomeViewController.swift */,
			);
			path = View;
			sourceTree = "<group>";
		};
		C0BA9BAB2ADDBD2500A7162A /* Entity */ = {
			isa = PBXGroup;
			children = (
				C0BA9BAC2ADDBD3F00A7162A /* HomeEntity.swift */,
			);
			path = Entity;
			sourceTree = "<group>";
		};
		C0BA9BAE2ADDBFCC00A7162A /* Networking */ = {
			isa = PBXGroup;
			children = (
				C0BA9BB52ADDC56500A7162A /* Router.swift */,
				C0BA9BAF2ADDBFDD00A7162A /* NetworkingManager.swift */,
			);
			path = Networking;
			sourceTree = "<group>";
		};
		C0BA9BBA2ADDD34100A7162A /* Extensions */ = {
			isa = PBXGroup;
			children = (
				C0BA9BBB2ADDD35A00A7162A /* Extensions.swift */,
			);
			path = Extensions;
			sourceTree = "<group>";
		};
/* End PBXGroup section */

/* Begin PBXNativeTarget section */
		C067BBA82ADC3D49004FE458 /* ViperWallet */ = {
			isa = PBXNativeTarget;
			buildConfigurationList = C067BBBD2ADC3D51004FE458 /* Build configuration list for PBXNativeTarget "ViperWallet" */;
			buildPhases = (
				C067BBA52ADC3D49004FE458 /* Sources */,
				C067BBA62ADC3D49004FE458 /* Frameworks */,
				C067BBA72ADC3D49004FE458 /* Resources */,
			);
			buildRules = (
			);
			dependencies = (
			);
			name = ViperWallet;
			packageProductDependencies = (
				C0BA9BB22ADDC30700A7162A /* Alamofire */,
				C0BA9BB82ADDD2E700A7162A /* SnapKit */,
			);
			productName = ViperWallet;
			productReference = C067BBA92ADC3D49004FE458 /* ViperWallet.app */;
			productType = "com.apple.product-type.application";
		};
/* End PBXNativeTarget section */

/* Begin PBXProject section */
		C067BBA12ADC3D49004FE458 /* Project object */ = {
			isa = PBXProject;
			attributes = {
				BuildIndependentTargetsInParallel = 1;
				LastSwiftUpdateCheck = 1420;
				LastUpgradeCheck = 1420;
				TargetAttributes = {
					C067BBA82ADC3D49004FE458 = {
						CreatedOnToolsVersion = 14.2;
					};
				};
			};
			buildConfigurationList = C067BBA42ADC3D49004FE458 /* Build configuration list for PBXProject "ViperWallet" */;
			compatibilityVersion = "Xcode 14.0";
			developmentRegion = en;
			hasScannedForEncodings = 0;
			knownRegions = (
				en,
				Base,
			);
			mainGroup = C067BBA02ADC3D49004FE458;
			packageReferences = (
				C0BA9BB12ADDC30700A7162A /* XCRemoteSwiftPackageReference "Alamofire" */,
				C0BA9BB72ADDD2E700A7162A /* XCRemoteSwiftPackageReference "SnapKit" */,
			);
			productRefGroup = C067BBAA2ADC3D49004FE458 /* Products */;
			projectDirPath = "";
			projectRoot = "";
			targets = (
				C067BBA82ADC3D49004FE458 /* ViperWallet */,
			);
		};
/* End PBXProject section */

/* Begin PBXResourcesBuildPhase section */
		C067BBA72ADC3D49004FE458 /* Resources */ = {
			isa = PBXResourcesBuildPhase;
			buildActionMask = 2147483647;
			files = (
				C067BBB92ADC3D51004FE458 /* LaunchScreen.storyboard in Resources */,
				C067BBB62ADC3D51004FE458 /* Assets.xcassets in Resources */,
			);
			runOnlyForDeploymentPostprocessing = 0;
		};
/* End PBXResourcesBuildPhase section */

/* Begin PBXSourcesBuildPhase section */
		C067BBA52ADC3D49004FE458 /* Sources */ = {
			isa = PBXSourcesBuildPhase;
			buildActionMask = 2147483647;
			files = (
				C067BBAD2ADC3D49004FE458 /* AppDelegate.swift in Sources */,
				C0BA9BBC2ADDD35A00A7162A /* Extensions.swift in Sources */,
				C0BA9BAD2ADDBD3F00A7162A /* HomeEntity.swift in Sources */,
				C067BBAF2ADC3D49004FE458 /* SceneDelegate.swift in Sources */,
				C0BA9BB02ADDBFDD00A7162A /* NetworkingManager.swift in Sources */,
				C0BA9BB62ADDC56500A7162A /* Router.swift in Sources */,
				C067BBC62ADC3F60004FE458 /* HomeViewController.swift in Sources */,
			);
			runOnlyForDeploymentPostprocessing = 0;
		};
/* End PBXSourcesBuildPhase section */

/* Begin PBXVariantGroup section */
		C067BBB72ADC3D51004FE458 /* LaunchScreen.storyboard */ = {
			isa = PBXVariantGroup;
			children = (
				C067BBB82ADC3D51004FE458 /* Base */,
			);
			name = LaunchScreen.storyboard;
			sourceTree = "<group>";
		};
/* End PBXVariantGroup section */

/* Begin XCBuildConfiguration section */
		C067BBBB2ADC3D51004FE458 /* Debug */ = {
			isa = XCBuildConfiguration;
			buildSettings = {
				ALWAYS_SEARCH_USER_PATHS = NO;
				CLANG_ANALYZER_NONNULL = YES;
				CLANG_ANALYZER_NUMBER_OBJECT_CONVERSION = YES_AGGRESSIVE;
				CLANG_CXX_LANGUAGE_STANDARD = "gnu++20";
				CLANG_ENABLE_MODULES = YES;
				CLANG_ENABLE_OBJC_ARC = YES;
				CLANG_ENABLE_OBJC_WEAK = YES;
				CLANG_WARN_BLOCK_CAPTURE_AUTORELEASING = YES;
				CLANG_WARN_BOOL_CONVERSION = YES;
				CLANG_WARN_COMMA = YES;
				CLANG_WARN_CONSTANT_CONVERSION = YES;
				CLANG_WARN_DEPRECATED_OBJC_IMPLEMENTATIONS = YES;
				CLANG_WARN_DIRECT_OBJC_ISA_USAGE = YES_ERROR;
				CLANG_WARN_DOCUMENTATION_COMMENTS = YES;
				CLANG_WARN_EMPTY_BODY = YES;
				CLANG_WARN_ENUM_CONVERSION = YES;
				CLANG_WARN_INFINITE_RECURSION = YES;
				CLANG_WARN_INT_CONVERSION = YES;
				CLANG_WARN_NON_LITERAL_NULL_CONVERSION = YES;
				CLANG_WARN_OBJC_IMPLICIT_RETAIN_SELF = YES;
				CLANG_WARN_OBJC_LITERAL_CONVERSION = YES;
				CLANG_WARN_OBJC_ROOT_CLASS = YES_ERROR;
				CLANG_WARN_QUOTED_INCLUDE_IN_FRAMEWORK_HEADER = YES;
				CLANG_WARN_RANGE_LOOP_ANALYSIS = YES;
				CLANG_WARN_STRICT_PROTOTYPES = YES;
				CLANG_WARN_SUSPICIOUS_MOVE = YES;
				CLANG_WARN_UNGUARDED_AVAILABILITY = YES_AGGRESSIVE;
				CLANG_WARN_UNREACHABLE_CODE = YES;
				CLANG_WARN__DUPLICATE_METHOD_MATCH = YES;
				COPY_PHASE_STRIP = NO;
				DEBUG_INFORMATION_FORMAT = dwarf;
				ENABLE_STRICT_OBJC_MSGSEND = YES;
				ENABLE_TESTABILITY = YES;
				GCC_C_LANGUAGE_STANDARD = gnu11;
				GCC_DYNAMIC_NO_PIC = NO;
				GCC_NO_COMMON_BLOCKS = YES;
				GCC_OPTIMIZATION_LEVEL = 0;
				GCC_PREPROCESSOR_DEFINITIONS = (
					"DEBUG=1",
					"$(inherited)",
				);
				GCC_WARN_64_TO_32_BIT_CONVERSION = YES;
				GCC_WARN_ABOUT_RETURN_TYPE = YES_ERROR;
				GCC_WARN_UNDECLARED_SELECTOR = YES;
				GCC_WARN_UNINITIALIZED_AUTOS = YES_AGGRESSIVE;
				GCC_WARN_UNUSED_FUNCTION = YES;
				GCC_WARN_UNUSED_VARIABLE = YES;
				IPHONEOS_DEPLOYMENT_TARGET = 16.2;
				MTL_ENABLE_DEBUG_INFO = INCLUDE_SOURCE;
				MTL_FAST_MATH = YES;
				ONLY_ACTIVE_ARCH = YES;
				SDKROOT = iphoneos;
				SWIFT_ACTIVE_COMPILATION_CONDITIONS = DEBUG;
				SWIFT_OPTIMIZATION_LEVEL = "-Onone";
			};
			name = Debug;
		};
		C067BBBC2ADC3D51004FE458 /* Release */ = {
			isa = XCBuildConfiguration;
			buildSettings = {
				ALWAYS_SEARCH_USER_PATHS = NO;
				CLANG_ANALYZER_NONNULL = YES;
				CLANG_ANALYZER_NUMBER_OBJECT_CONVERSION = YES_AGGRESSIVE;
				CLANG_CXX_LANGUAGE_STANDARD = "gnu++20";
				CLANG_ENABLE_MODULES = YES;
				CLANG_ENABLE_OBJC_ARC = YES;
				CLANG_ENABLE_OBJC_WEAK = YES;
				CLANG_WARN_BLOCK_CAPTURE_AUTORELEASING = YES;
				CLANG_WARN_BOOL_CONVERSION = YES;
				CLANG_WARN_COMMA = YES;
				CLANG_WARN_CONSTANT_CONVERSION = YES;
				CLANG_WARN_DEPRECATED_OBJC_IMPLEMENTATIONS = YES;
				CLANG_WARN_DIRECT_OBJC_ISA_USAGE = YES_ERROR;
				CLANG_WARN_DOCUMENTATION_COMMENTS = YES;
				CLANG_WARN_EMPTY_BODY = YES;
				CLANG_WARN_ENUM_CONVERSION = YES;
				CLANG_WARN_INFINITE_RECURSION = YES;
				CLANG_WARN_INT_CONVERSION = YES;
				CLANG_WARN_NON_LITERAL_NULL_CONVERSION = YES;
				CLANG_WARN_OBJC_IMPLICIT_RETAIN_SELF = YES;
				CLANG_WARN_OBJC_LITERAL_CONVERSION = YES;
				CLANG_WARN_OBJC_ROOT_CLASS = YES_ERROR;
				CLANG_WARN_QUOTED_INCLUDE_IN_FRAMEWORK_HEADER = YES;
				CLANG_WARN_RANGE_LOOP_ANALYSIS = YES;
				CLANG_WARN_STRICT_PROTOTYPES = YES;
				CLANG_WARN_SUSPICIOUS_MOVE = YES;
				CLANG_WARN_UNGUARDED_AVAILABILITY = YES_AGGRESSIVE;
				CLANG_WARN_UNREACHABLE_CODE = YES;
				CLANG_WARN__DUPLICATE_METHOD_MATCH = YES;
				COPY_PHASE_STRIP = NO;
				DEBUG_INFORMATION_FORMAT = "dwarf-with-dsym";
				ENABLE_NS_ASSERTIONS = NO;
				ENABLE_STRICT_OBJC_MSGSEND = YES;
				GCC_C_LANGUAGE_STANDARD = gnu11;
				GCC_NO_COMMON_BLOCKS = YES;
				GCC_WARN_64_TO_32_BIT_CONVERSION = YES;
				GCC_WARN_ABOUT_RETURN_TYPE = YES_ERROR;
				GCC_WARN_UNDECLARED_SELECTOR = YES;
				GCC_WARN_UNINITIALIZED_AUTOS = YES_AGGRESSIVE;
				GCC_WARN_UNUSED_FUNCTION = YES;
				GCC_WARN_UNUSED_VARIABLE = YES;
				IPHONEOS_DEPLOYMENT_TARGET = 16.2;
				MTL_ENABLE_DEBUG_INFO = NO;
				MTL_FAST_MATH = YES;
				SDKROOT = iphoneos;
				SWIFT_COMPILATION_MODE = wholemodule;
				SWIFT_OPTIMIZATION_LEVEL = "-O";
				VALIDATE_PRODUCT = YES;
			};
			name = Release;
		};
		C067BBBE2ADC3D51004FE458 /* Debug */ = {
			isa = XCBuildConfiguration;
			buildSettings = {
				ASSETCATALOG_COMPILER_APPICON_NAME = AppIcon;
				ASSETCATALOG_COMPILER_GLOBAL_ACCENT_COLOR_NAME = AccentColor;
				CODE_SIGN_STYLE = Automatic;
				CURRENT_PROJECT_VERSION = 1;
				DEVELOPMENT_TEAM = 9Z5J5Q4MH4;
				GENERATE_INFOPLIST_FILE = YES;
				INFOPLIST_FILE = ViperWallet/Info.plist;
				INFOPLIST_KEY_UIApplicationSupportsIndirectInputEvents = YES;
				INFOPLIST_KEY_UILaunchStoryboardName = LaunchScreen;
				INFOPLIST_KEY_UIMainStoryboardFile = "";
				INFOPLIST_KEY_UISupportedInterfaceOrientations_iPad = "UIInterfaceOrientationPortrait UIInterfaceOrientationPortraitUpsideDown UIInterfaceOrientationLandscapeLeft UIInterfaceOrientationLandscapeRight";
				INFOPLIST_KEY_UISupportedInterfaceOrientations_iPhone = "UIInterfaceOrientationPortrait UIInterfaceOrientationLandscapeLeft UIInterfaceOrientationLandscapeRight";
				LD_RUNPATH_SEARCH_PATHS = (
					"$(inherited)",
					"@executable_path/Frameworks",
				);
				MARKETING_VERSION = 1.0;
				PRODUCT_BUNDLE_IDENTIFIER = info.ViperWallet;
				PRODUCT_NAME = "$(TARGET_NAME)";
				SWIFT_EMIT_LOC_STRINGS = YES;
				SWIFT_VERSION = 5.0;
				TARGETED_DEVICE_FAMILY = "1,2";
			};
			name = Debug;
		};
		C067BBBF2ADC3D51004FE458 /* Release */ = {
			isa = XCBuildConfiguration;
			buildSettings = {
				ASSETCATALOG_COMPILER_APPICON_NAME = AppIcon;
				ASSETCATALOG_COMPILER_GLOBAL_ACCENT_COLOR_NAME = AccentColor;
				CODE_SIGN_STYLE = Automatic;
				CURRENT_PROJECT_VERSION = 1;
				DEVELOPMENT_TEAM = 9Z5J5Q4MH4;
				GENERATE_INFOPLIST_FILE = YES;
				INFOPLIST_FILE = ViperWallet/Info.plist;
				INFOPLIST_KEY_UIApplicationSupportsIndirectInputEvents = YES;
				INFOPLIST_KEY_UILaunchStoryboardName = LaunchScreen;
				INFOPLIST_KEY_UIMainStoryboardFile = "";
				INFOPLIST_KEY_UISupportedInterfaceOrientations_iPad = "UIInterfaceOrientationPortrait UIInterfaceOrientationPortraitUpsideDown UIInterfaceOrientationLandscapeLeft UIInterfaceOrientationLandscapeRight";
				INFOPLIST_KEY_UISupportedInterfaceOrientations_iPhone = "UIInterfaceOrientationPortrait UIInterfaceOrientationLandscapeLeft UIInterfaceOrientationLandscapeRight";
				LD_RUNPATH_SEARCH_PATHS = (
					"$(inherited)",
					"@executable_path/Frameworks",
				);
				MARKETING_VERSION = 1.0;
				PRODUCT_BUNDLE_IDENTIFIER = info.ViperWallet;
				PRODUCT_NAME = "$(TARGET_NAME)";
				SWIFT_EMIT_LOC_STRINGS = YES;
				SWIFT_VERSION = 5.0;
				TARGETED_DEVICE_FAMILY = "1,2";
			};
			name = Release;
		};
/* End XCBuildConfiguration section */

/* Begin XCConfigurationList section */
		C067BBA42ADC3D49004FE458 /* Build configuration list for PBXProject "ViperWallet" */ = {
			isa = XCConfigurationList;
			buildConfigurations = (
				C067BBBB2ADC3D51004FE458 /* Debug */,
				C067BBBC2ADC3D51004FE458 /* Release */,
			);
			defaultConfigurationIsVisible = 0;
			defaultConfigurationName = Release;
		};
		C067BBBD2ADC3D51004FE458 /* Build configuration list for PBXNativeTarget "ViperWallet" */ = {
			isa = XCConfigurationList;
			buildConfigurations = (
				C067BBBE2ADC3D51004FE458 /* Debug */,
				C067BBBF2ADC3D51004FE458 /* Release */,
			);
			defaultConfigurationIsVisible = 0;
			defaultConfigurationName = Release;
		};
/* End XCConfigurationList section */

/* Begin XCRemoteSwiftPackageReference section */
		C0BA9BB12ADDC30700A7162A /* XCRemoteSwiftPackageReference "Alamofire" */ = {
			isa = XCRemoteSwiftPackageReference;
			repositoryURL = "https://github.com/Alamofire/Alamofire.git";
			requirement = {
				branch = master;
				kind = branch;
			};
		};
		C0BA9BB72ADDD2E700A7162A /* XCRemoteSwiftPackageReference "SnapKit" */ = {
			isa = XCRemoteSwiftPackageReference;
			repositoryURL = "https://github.com/SnapKit/SnapKit.git";
			requirement = {
				branch = develop;
				kind = branch;
			};
		};
/* End XCRemoteSwiftPackageReference section */

/* Begin XCSwiftPackageProductDependency section */
		C0BA9BB22ADDC30700A7162A /* Alamofire */ = {
			isa = XCSwiftPackageProductDependency;
			package = C0BA9BB12ADDC30700A7162A /* XCRemoteSwiftPackageReference "Alamofire" */;
			productName = Alamofire;
		};
		C0BA9BB82ADDD2E700A7162A /* SnapKit */ = {
			isa = XCSwiftPackageProductDependency;
			package = C0BA9BB72ADDD2E700A7162A /* XCRemoteSwiftPackageReference "SnapKit" */;
			productName = SnapKit;
		};
/* End XCSwiftPackageProductDependency section */
	};
	rootObject = C067BBA12ADC3D49004FE458 /* Project object */;
}
